// !$*UTF8*$!
{
	archiveVersion = 1;
	classes = {
	};
	objectVersion = 110;
	objects = {

/* Begin PBXBuildFile section */
		72169F913068693000E8AE81 /* YoiExtension.appex in Embed Foundation Extensions */ = {isa = PBXBuildFile; fileRef = 72169F903068693000E8AE81 /* YoiExtension.appex */; settings = {ATTRIBUTES = (RemoveHeadersOnCopy, ); }; };
/* End PBXBuildFile section */

/* Begin PBXContainerItemProxy section */
		72169F7D3068693000E8AE81 /* PBXContainerItemProxy */ = {
			isa = PBXContainerItemProxy;
			containerPortal = 72169F4E3068692E00E8AE81 /* Project object */;
			proxyType = 1;
			remoteGlobalIDString = 72169F553068692E00E8AE81;
			remoteInfo = Yoi;
		};
		72169F873068693000E8AE81 /* PBXContainerItemProxy */ = {
			isa = PBXContainerItemProxy;
			containerPortal = 72169F4E3068692E00E8AE81 /* Project object */;
			proxyType = 1;
			remoteGlobalIDString = 72169F553068692E00E8AE81;
			remoteInfo = Yoi;
		};
		72169F923068693000E8AE81 /* PBXContainerItemProxy */ = {
			isa = PBXContainerItemProxy;
			containerPortal = 72169F4E3068692E00E8AE81 /* Project object */;
			proxyType = 1;
			remoteGlobalIDString = 72169F8F3068693000E8AE81;
			remoteInfo = YoiExtension;
		};
/* End PBXContainerItemProxy section */

/* Begin PBXCopyFilesBuildPhase section */
		72169FC13068693000E8AE81 /* Embed Foundation Extensions */ = {
			isa = PBXCopyFilesBuildPhase;
			dstPath = "";
			dstSubfolder = PlugIns;
			files = (
				72169F913068693000E8AE81 /* YoiExtension.appex in Embed Foundation Extensions */,
			);
			name = "Embed Foundation Extensions";
		};
/* End PBXCopyFilesBuildPhase section */

/* Begin PBXFileReference section */
		72169F563068692E00E8AE81 /* Yoi.app */ = {isa = PBXFileReference; explicitFileType = wrapper.application; includeInIndex = 0; path = Yoi.app; sourceTree = BUILT_PRODUCTS_DIR; };
		72169F7C3068693000E8AE81 /* YoiTests.xctest */ = {isa = PBXFileReference; explicitFileType = wrapper.cfbundle; includeInIndex = 0; path = YoiTests.xctest; sourceTree = BUILT_PRODUCTS_DIR; };
		72169F863068693000E8AE81 /* YoiUITests.xctest */ = {isa = PBXFileReference; explicitFileType = wrapper.cfbundle; includeInIndex = 0; path = YoiUITests.xctest; sourceTree = BUILT_PRODUCTS_DIR; };
		72169F903068693000E8AE81 /* YoiExtension.appex */ = {isa = PBXFileReference; explicitFileType = "wrapper.app-extension"; includeInIndex = 0; path = YoiExtension.appex; sourceTree = BUILT_PRODUCTS_DIR; };
/* End PBXFileReference section */

/* Begin PBXFileSystemSynchronizedBuildFileExceptionSet section */
		72169FBA3068693000E8AE81 /* Exceptions for "YoiExtension" folder in "YoiExtension" target */ = {
			isa = PBXFileSystemSynchronizedBuildFileExceptionSet;
			membershipExceptions = (
				Info.plist,
				README.md,
				WebUI/bdd-gallery.html,
				WebUI/bdd-gallery.js,
				WebUI/yoi-standin.js,
				WebUI/index-pixel.html,
				WebUI/yoi-panel-pixel.js,
				WebUI/yoi-pixel.css,
			);
			target = 72169F8F3068693000E8AE81 /* YoiExtension */;
		};
/* End PBXFileSystemSynchronizedBuildFileExceptionSet section */

/* Begin PBXFileSystemSynchronizedRootGroup section */
		72169F583068692E00E8AE81 /* Yoi */ = {
			isa = PBXFileSystemSynchronizedRootGroup;
			path = Yoi;
			sourceTree = "<group>";
		};
		72169F7F3068693000E8AE81 /* YoiTests */ = {
			isa = PBXFileSystemSynchronizedRootGroup;
			path = YoiTests;
			sourceTree = "<group>";
		};
		72169F893068693000E8AE81 /* YoiUITests */ = {
			isa = PBXFileSystemSynchronizedRootGroup;
			path = YoiUITests;
			sourceTree = "<group>";
		};
		72169F943068693000E8AE81 /* YoiExtension */ = {
			isa = PBXFileSystemSynchronizedRootGroup;
			exceptions = (
				72169FBA3068693000E8AE81 /* Exceptions for "YoiExtension" folder in "YoiExtension" target */,
			);
			path = YoiExtension;
			sourceTree = "<group>";
		};
/* End PBXFileSystemSynchronizedRootGroup section */

/* Begin PBXFrameworksBuildPhase section */
		72169F533068692E00E8AE81 /* Frameworks */ = {
			isa = PBXFrameworksBuildPhase;
			files = (
			);
		};
		72169F793068693000E8AE81 /* Frameworks */ = {
			isa = PBXFrameworksBuildPhase;
			files = (
			);
		};
		72169F833068693000E8AE81 /* Frameworks */ = {
			isa = PBXFrameworksBuildPhase;
			files = (
			);
		};
		72169F8D3068693000E8AE81 /* Frameworks */ = {
			isa = PBXFrameworksBuildPhase;
			files = (
			);
		};
/* End PBXFrameworksBuildPhase section */

/* Begin PBXGroup section */
		72169F4D3068692E00E8AE81 = {
			isa = PBXGroup;
			children = (
				72169F583068692E00E8AE81 /* Yoi */,
				72169F7F3068693000E8AE81 /* YoiTests */,
				72169F893068693000E8AE81 /* YoiUITests */,
				72169F943068693000E8AE81 /* YoiExtension */,
				72169F573068692E00E8AE81 /* Products */,
			);
			sourceTree = "<group>";
		};
		72169F573068692E00E8AE81 /* Products */ = {
			isa = PBXGroup;
			children = (
				72169F563068692E00E8AE81 /* Yoi.app */,
				72169F7C3068693000E8AE81 /* YoiTests.xctest */,
				72169F863068693000E8AE81 /* YoiUITests.xctest */,
				72169F903068693000E8AE81 /* YoiExtension.appex */,
			);
			name = Products;
			sourceTree = "<group>";
		};
/* End PBXGroup section */

/* Begin PBXNativeTarget section */
		72169F553068692E00E8AE81 /* Yoi */ = {
			isa = PBXNativeTarget;
			buildConfigurationList = 72169FC23068693000E8AE81 /* Build configuration list for PBXNativeTarget "Yoi" */;
			buildPhases = (
				72169F523068692E00E8AE81 /* Sources */,
				72169F533068692E00E8AE81 /* Frameworks */,
				72169F543068692E00E8AE81 /* Resources */,
				72169FC13068693000E8AE81 /* Embed Foundation Extensions */,
			);
			buildRules = (
			);
			dependencies = (
				72169F933068693000E8AE81 /* PBXTargetDependency */,
			);
			fileSystemSynchronizedGroups = (
				72169F583068692E00E8AE81 /* Yoi */,
			);
			name = Yoi;
			productName = Yoi;
			productReference = 72169F563068692E00E8AE81 /* Yoi.app */;
			productType = "com.apple.product-type.application";
		};
		72169F7B3068693000E8AE81 /* YoiTests */ = {
			isa = PBXNativeTarget;
			buildConfigurationList = 72169FC53068693000E8AE81 /* Build configuration list for PBXNativeTarget "YoiTests" */;
			buildPhases = (
				72169F783068693000E8AE81 /* Sources */,
				72169F793068693000E8AE81 /* Frameworks */,
				72169F7A3068693000E8AE81 /* Resources */,
			);
			buildRules = (
			);
			dependencies = (
				72169F7E3068693000E8AE81 /* PBXTargetDependency */,
			);
			fileSystemSynchronizedGroups = (
				72169F7F3068693000E8AE81 /* YoiTests */,
			);
			name = YoiTests;
			productName = YoiTests;
			productReference = 72169F7C3068693000E8AE81 /* YoiTests.xctest */;
			productType = "com.apple.product-type.bundle.unit-test";
		};
		72169F853068693000E8AE81 /* YoiUITests */ = {
			isa = PBXNativeTarget;
			buildConfigurationList = 72169FC83068693000E8AE81 /* Build configuration list for PBXNativeTarget "YoiUITests" */;
			buildPhases = (
				72169F823068693000E8AE81 /* Sources */,
				72169F833068693000E8AE81 /* Frameworks */,
				72169F843068693000E8AE81 /* Resources */,
			);
			buildRules = (
			);
			dependencies = (
				72169F883068693000E8AE81 /* PBXTargetDependency */,
			);
			fileSystemSynchronizedGroups = (
				72169F893068693000E8AE81 /* YoiUITests */,
			);
			name = YoiUITests;
			productName = YoiUITests;
			productReference = 72169F863068693000E8AE81 /* YoiUITests.xctest */;
			productType = "com.apple.product-type.bundle.ui-testing";
		};
		72169F8F3068693000E8AE81 /* YoiExtension */ = {
			isa = PBXNativeTarget;
			buildConfigurationList = 72169FBB3068693000E8AE81 /* Build configuration list for PBXNativeTarget "YoiExtension" */;
			buildPhases = (
				72169F8C3068693000E8AE81 /* Sources */,
				72169F8D3068693000E8AE81 /* Frameworks */,
				72169F8E3068693000E8AE81 /* Resources */,
			);
			buildRules = (
			);
			fileSystemSynchronizedGroups = (
				72169F943068693000E8AE81 /* YoiExtension */,
			);
			name = YoiExtension;
			productName = YoiExtension;
			productReference = 72169F903068693000E8AE81 /* YoiExtension.appex */;
			productType = "com.apple.product-type.app-extension";
		};
/* End PBXNativeTarget section */

/* Begin PBXProject section */
		72169F4E3068692E00E8AE81 /* Project object */ = {
			isa = PBXProject;
			attributes = {
				BuildIndependentTargetsInParallel = 1;
				LastSwiftUpdateCheck = 2700;
				LastUpgradeCheck = 2700;
				TargetAttributes = {
					72169F553068692E00E8AE81 = {
						CreatedOnToolsVersion = 27.0;
					};
					72169F7B3068693000E8AE81 = {
						CreatedOnToolsVersion = 27.0;
						TestTargetID = 72169F553068692E00E8AE81;
					};
					72169F853068693000E8AE81 = {
						CreatedOnToolsVersion = 27.0;
						TestTargetID = 72169F553068692E00E8AE81;
					};
					72169F8F3068693000E8AE81 = {
						CreatedOnToolsVersion = 27.0;
					};
				};
			};
			buildConfigurationList = 72169F513068692E00E8AE81 /* Build configuration list for PBXProject "Yoi" */;
			developmentRegion = en;
			hasScannedForEncodings = 0;
			knownRegions = (
				en,
				Base,
			);
			mainGroup = 72169F4D3068692E00E8AE81;
			minimizedProjectReferenceProxies = 1;
			preferredProjectObjectVersion = 77;
			productRefGroup = 72169F573068692E00E8AE81 /* Products */;
			projectDirPath = "";
			projectRoot = "";
			targets = (
				72169F553068692E00E8AE81 /* Yoi */,
				72169F7B3068693000E8AE81 /* YoiTests */,
				72169F853068693000E8AE81 /* YoiUITests */,
				72169F8F3068693000E8AE81 /* YoiExtension */,
			);
		};
/* End PBXProject section */

/* Begin PBXResourcesBuildPhase section */
		72169F543068692E00E8AE81 /* Resources */ = {
			isa = PBXResourcesBuildPhase;
			files = (
			);
		};
		72169F7A3068693000E8AE81 /* Resources */ = {
			isa = PBXResourcesBuildPhase;
			files = (
			);
		};
		72169F843068693000E8AE81 /* Resources */ = {
			isa = PBXResourcesBuildPhase;
			files = (
			);
		};
		72169F8E3068693000E8AE81 /* Resources */ = {
			isa = PBXResourcesBuildPhase;
			files = (
			);
		};
/* End PBXResourcesBuildPhase section */

/* Begin PBXSourcesBuildPhase section */
		72169F523068692E00E8AE81 /* Sources */ = {
			isa = PBXSourcesBuildPhase;
			files = (
			);
		};
		72169F783068693000E8AE81 /* Sources */ = {
			isa = PBXSourcesBuildPhase;
			files = (
			);
		};
		72169F823068693000E8AE81 /* Sources */ = {
			isa = PBXSourcesBuildPhase;
			files = (
			);
		};
		72169F8C3068693000E8AE81 /* Sources */ = {
			isa = PBXSourcesBuildPhase;
			files = (
			);
		};
/* End PBXSourcesBuildPhase section */

/* Begin PBXTargetDependency section */
		72169F7E3068693000E8AE81 /* PBXTargetDependency */ = {
			isa = PBXTargetDependency;
			target = 72169F553068692E00E8AE81 /* Yoi */;
			targetProxy = 72169F7D3068693000E8AE81 /* PBXContainerItemProxy */;
		};
		72169F883068693000E8AE81 /* PBXTargetDependency */ = {
			isa = PBXTargetDependency;
			target = 72169F553068692E00E8AE81 /* Yoi */;
			targetProxy = 72169F873068693000E8AE81 /* PBXContainerItemProxy */;
		};
		72169F933068693000E8AE81 /* PBXTargetDependency */ = {
			isa = PBXTargetDependency;
			target = 72169F8F3068693000E8AE81 /* YoiExtension */;
			targetProxy = 72169F923068693000E8AE81 /* PBXContainerItemProxy */;
		};
/* End PBXTargetDependency section */

/* Begin XCBuildConfiguration section */
		72169FBC3068693000E8AE81 /* Debug configuration for PBXNativeTarget "YoiExtension" */ = {
			isa = XCBuildConfiguration;
			buildSettings = {
				CLANG_CXX_LANGUAGE_STANDARD = "c++20";
				CLANG_CXX_LIBRARY = "libc++";
				CODE_SIGN_STYLE = Automatic;
				CURRENT_PROJECT_VERSION = 1;
				DEVELOPMENT_TEAM = Z427P979RG;
				ENABLE_APP_SANDBOX = YES;
				ENABLE_HARDENED_RUNTIME = YES;
				ENABLE_OUTGOING_NETWORK_CONNECTIONS = YES;
				GENERATE_INFOPLIST_FILE = YES;
				INFOPLIST_FILE = YoiExtension/Info.plist;
				INFOPLIST_KEY_CFBundleDisplayName = YoiExtension;
				INFOPLIST_KEY_NSHumanReadableCopyright = "";
				IPHONEOS_DEPLOYMENT_TARGET = 27.0;
				LD_RUNPATH_SEARCH_PATHS = (
					"$(inherited)",
					"@executable_path/Frameworks",
					"@executable_path/../../Frameworks",
				);
				"LD_RUNPATH_SEARCH_PATHS[sdk=macosx*]" = (
					"$(inherited)",
					"@executable_path/../Frameworks",
					"@executable_path/../../../../Frameworks",
				);
				MACOSX_DEPLOYMENT_TARGET = 14.0;
				MARKETING_VERSION = 1.0;
				PRODUCT_BUNDLE_IDENTIFIER = com.bassdaddydevices.Yoi.YoiExtension;
				PRODUCT_NAME = "$(TARGET_NAME)";
				SDKROOT = auto;
				SKIP_INSTALL = YES;
				STRING_CATALOG_GENERATE_SYMBOLS = YES;
				SUPPORTED_PLATFORMS = macosx;
				SWIFT_APPROACHABLE_CONCURRENCY = YES;
				SWIFT_EMIT_LOC_STRINGS = YES;
				SWIFT_OBJC_BRIDGING_HEADER = "YoiExtension/Common/YoiExtension-Bridging-Header.h";
				SWIFT_OBJC_INTEROP_MODE = objcxx;
				SWIFT_UPCOMING_FEATURE_MEMBER_IMPORT_VISIBILITY = YES;
				SWIFT_VERSION = 5.0;
				TARGETED_DEVICE_FAMILY = "1,2,7";
				XROS_DEPLOYMENT_TARGET = 27.0;
			};
			name = Debug;
		};
		72169FBD3068693000E8AE81 /* Release configuration for PBXNativeTarget "YoiExtension" */ = {
			isa = XCBuildConfiguration;
			buildSettings = {
				CLANG_CXX_LANGUAGE_STANDARD = "c++20";
				CLANG_CXX_LIBRARY = "libc++";
				CODE_SIGN_STYLE = Automatic;
				CURRENT_PROJECT_VERSION = 1;
				DEVELOPMENT_TEAM = Z427P979RG;
				ENABLE_APP_SANDBOX = YES;
				ENABLE_HARDENED_RUNTIME = YES;
				ENABLE_OUTGOING_NETWORK_CONNECTIONS = YES;
				GENERATE_INFOPLIST_FILE = YES;
				INFOPLIST_FILE = YoiExtension/Info.plist;
				INFOPLIST_KEY_CFBundleDisplayName = YoiExtension;
				INFOPLIST_KEY_NSHumanReadableCopyright = "";
				IPHONEOS_DEPLOYMENT_TARGET = 27.0;
				LD_RUNPATH_SEARCH_PATHS = (
					"$(inherited)",
					"@executable_path/Frameworks",
					"@executable_path/../../Frameworks",
				);
				"LD_RUNPATH_SEARCH_PATHS[sdk=macosx*]" = (
					"$(inherited)",
					"@executable_path/../Frameworks",
					"@executable_path/../../../../Frameworks",
				);
				MACOSX_DEPLOYMENT_TARGET = 14.0;
				MARKETING_VERSION = 1.0;
				PRODUCT_BUNDLE_IDENTIFIER = com.bassdaddydevices.Yoi.YoiExtension;
				PRODUCT_NAME = "$(TARGET_NAME)";
				SDKROOT = auto;
				SKIP_INSTALL = YES;
				STRING_CATALOG_GENERATE_SYMBOLS = YES;
				SUPPORTED_PLATFORMS = macosx;
				SWIFT_APPROACHABLE_CONCURRENCY = YES;
				SWIFT_EMIT_LOC_STRINGS = YES;
				SWIFT_OBJC_BRIDGING_HEADER = "YoiExtension/Common/YoiExtension-Bridging-Header.h";
				SWIFT_OBJC_INTEROP_MODE = objcxx;
				SWIFT_UPCOMING_FEATURE_MEMBER_IMPORT_VISIBILITY = YES;
				SWIFT_VERSION = 5.0;
				TARGETED_DEVICE_FAMILY = "1,2,7";
				XROS_DEPLOYMENT_TARGET = 27.0;
			};
			name = Release;
		};
		72169FBF3068693000E8AE81 /* Debug configuration for PBXProject "Yoi" */ = {
			isa = XCBuildConfiguration;
			buildSettings = {
				ALWAYS_SEARCH_USER_PATHS = NO;
				ASSETCATALOG_COMPILER_GENERATE_SWIFT_ASSET_SYMBOL_EXTENSIONS = YES;
				CLANG_ANALYZER_NONNULL = YES;
				CLANG_ANALYZER_NUMBER_OBJECT_CONVERSION = YES_AGGRESSIVE;
				CLANG_CXX_LANGUAGE_STANDARD = "gnu++20";
				CLANG_ENABLE_MODULES = YES;
				CLANG_ENABLE_OBJC_ARC = YES;
				CLANG_ENABLE_OBJC_WEAK = YES;
				CLANG_WARN_BLOCK_CAPTURE_AUTORELEASING = YES;
				CLANG_WARN_BOOL_CONVERSION = YES;
				CLANG_WARN_COMMA = YES;
				CLANG_WARN_CONSTANT_CONVERSION = YES;
				CLANG_WARN_DEPRECATED_OBJC_IMPLEMENTATIONS = YES;
				CLANG_WARN_DIRECT_OBJC_ISA_USAGE = YES_ERROR;
				CLANG_WARN_DOCUMENTATION_COMMENTS = YES;
				CLANG_WARN_EMPTY_BODY = YES;
				CLANG_WARN_ENUM_CONVERSION = YES;
				CLANG_WARN_INFINITE_RECURSION = YES;
				CLANG_WARN_INT_CONVERSION = YES;
				CLANG_WARN_NON_LITERAL_NULL_CONVERSION = YES;
				CLANG_WARN_OBJC_IMPLICIT_RETAIN_SELF = YES;
				CLANG_WARN_OBJC_LITERAL_CONVERSION = YES;
				CLANG_WARN_OBJC_ROOT_CLASS = YES_ERROR;
				CLANG_WARN_QUOTED_INCLUDE_IN_FRAMEWORK_HEADER = YES;
				CLANG_WARN_RANGE_LOOP_ANALYSIS = YES;
				CLANG_WARN_STRICT_PROTOTYPES = YES;
				CLANG_WARN_SUSPICIOUS_MOVE = YES;
				CLANG_WARN_UNGUARDED_AVAILABILITY = YES_AGGRESSIVE;
				CLANG_WARN_UNREACHABLE_CODE = YES;
				CLANG_WARN__DUPLICATE_METHOD_MATCH = YES;
				COPY_PHASE_STRIP = NO;
				DEBUG_INFORMATION_FORMAT = dwarf;
				DEVELOPMENT_TEAM = Z427P979RG;
				ENABLE_STRICT_OBJC_MSGSEND = YES;
				ENABLE_TESTABILITY = YES;
				ENABLE_USER_SCRIPT_SANDBOXING = YES;
				GCC_C_LANGUAGE_STANDARD = gnu17;
				GCC_DYNAMIC_NO_PIC = NO;
				GCC_NO_COMMON_BLOCKS = YES;
				GCC_OPTIMIZATION_LEVEL = 0;
				GCC_PREPROCESSOR_DEFINITIONS = (
					"DEBUG=1",
					"$(inherited)",
				);
				GCC_WARN_64_TO_32_BIT_CONVERSION = YES;
				GCC_WARN_ABOUT_RETURN_TYPE = YES_ERROR;
				GCC_WARN_UNDECLARED_SELECTOR = YES;
				GCC_WARN_UNINITIALIZED_AUTOS = YES_AGGRESSIVE;
				GCC_WARN_UNUSED_FUNCTION = YES;
				GCC_WARN_UNUSED_VARIABLE = YES;
				LOCALIZATION_PREFERS_STRING_CATALOGS = YES;
				MTL_ENABLE_DEBUG_INFO = INCLUDE_SOURCE;
				MTL_FAST_MATH = YES;
				ONLY_ACTIVE_ARCH = YES;
				SWIFT_ACTIVE_COMPILATION_CONDITIONS = "DEBUG $(inherited)";
				SWIFT_OPTIMIZATION_LEVEL = "-Onone";
			};
			name = Debug;
		};
		72169FC03068693000E8AE81 /* Release configuration for PBXProject "Yoi" */ = {
			isa = XCBuildConfiguration;
			buildSettings = {
				ALWAYS_SEARCH_USER_PATHS = NO;
				ASSETCATALOG_COMPILER_GENERATE_SWIFT_ASSET_SYMBOL_EXTENSIONS = YES;
				CLANG_ANALYZER_NONNULL = YES;
				CLANG_ANALYZER_NUMBER_OBJECT_CONVERSION = YES_AGGRESSIVE;
				CLANG_CXX_LANGUAGE_STANDARD = "gnu++20";
				CLANG_ENABLE_MODULES = YES;
				CLANG_ENABLE_OBJC_ARC = YES;
				CLANG_ENABLE_OBJC_WEAK = YES;
				CLANG_WARN_BLOCK_CAPTURE_AUTORELEASING = YES;
				CLANG_WARN_BOOL_CONVERSION = YES;
				CLANG_WARN_COMMA = YES;
				CLANG_WARN_CONSTANT_CONVERSION = YES;
				CLANG_WARN_DEPRECATED_OBJC_IMPLEMENTATIONS = YES;
				CLANG_WARN_DIRECT_OBJC_ISA_USAGE = YES_ERROR;
				CLANG_WARN_DOCUMENTATION_COMMENTS = YES;
				CLANG_WARN_EMPTY_BODY = YES;
				CLANG_WARN_ENUM_CONVERSION = YES;
				CLANG_WARN_INFINITE_RECURSION = YES;
				CLANG_WARN_INT_CONVERSION = YES;
				CLANG_WARN_NON_LITERAL_NULL_CONVERSION = YES;
				CLANG_WARN_OBJC_IMPLICIT_RETAIN_SELF = YES;
				CLANG_WARN_OBJC_LITERAL_CONVERSION = YES;
				CLANG_WARN_OBJC_ROOT_CLASS = YES_ERROR;
				CLANG_WARN_QUOTED_INCLUDE_IN_FRAMEWORK_HEADER = YES;
				CLANG_WARN_RANGE_LOOP_ANALYSIS = YES;
				CLANG_WARN_STRICT_PROTOTYPES = YES;
				CLANG_WARN_SUSPICIOUS_MOVE = YES;
				CLANG_WARN_UNGUARDED_AVAILABILITY = YES_AGGRESSIVE;
				CLANG_WARN_UNREACHABLE_CODE = YES;
				CLANG_WARN__DUPLICATE_METHOD_MATCH = YES;
				COPY_PHASE_STRIP = NO;
				DEBUG_INFORMATION_FORMAT = "dwarf-with-dsym";
				DEVELOPMENT_TEAM = Z427P979RG;
				ENABLE_NS_ASSERTIONS = NO;
				ENABLE_STRICT_OBJC_MSGSEND = YES;
				ENABLE_USER_SCRIPT_SANDBOXING = YES;
				GCC_C_LANGUAGE_STANDARD = gnu17;
				GCC_NO_COMMON_BLOCKS = YES;
				GCC_WARN_64_TO_32_BIT_CONVERSION = YES;
				GCC_WARN_ABOUT_RETURN_TYPE = YES_ERROR;
				GCC_WARN_UNDECLARED_SELECTOR = YES;
				GCC_WARN_UNINITIALIZED_AUTOS = YES_AGGRESSIVE;
				GCC_WARN_UNUSED_FUNCTION = YES;
				GCC_WARN_UNUSED_VARIABLE = YES;
				LOCALIZATION_PREFERS_STRING_CATALOGS = YES;
				MTL_ENABLE_DEBUG_INFO = NO;
				MTL_FAST_MATH = YES;
				SWIFT_COMPILATION_MODE = wholemodule;
			};
			name = Release;
		};
		72169FC33068693000E8AE81 /* Debug configuration for PBXNativeTarget "Yoi" */ = {
			isa = XCBuildConfiguration;
			buildSettings = {
				ASSETCATALOG_COMPILER_APPICON_NAME = AppIcon;
				ASSETCATALOG_COMPILER_GLOBAL_ACCENT_COLOR_NAME = AccentColor;
				CODE_SIGN_ENTITLEMENTS = Yoi/Yoi.entitlements;
				CODE_SIGN_STYLE = Automatic;
				CURRENT_PROJECT_VERSION = 1;
				DEVELOPMENT_TEAM = Z427P979RG;
				ENABLE_APP_SANDBOX = YES;
				ENABLE_HARDENED_RUNTIME = YES;
				ENABLE_OUTGOING_NETWORK_CONNECTIONS = YES;
				ENABLE_PREVIEWS = YES;
				ENABLE_USER_SELECTED_FILES = readonly;
				GENERATE_INFOPLIST_FILE = YES;
				INFOPLIST_KEY_CFBundleDisplayName = Yoi;
				"INFOPLIST_KEY_UIApplicationSceneManifest_Generation[sdk=iphoneos*]" = YES;
				"INFOPLIST_KEY_UIApplicationSceneManifest_Generation[sdk=iphonesimulator*]" = YES;
				"INFOPLIST_KEY_UIApplicationSupportsIndirectInputEvents[sdk=iphoneos*]" = YES;
				"INFOPLIST_KEY_UIApplicationSupportsIndirectInputEvents[sdk=iphonesimulator*]" = YES;
				"INFOPLIST_KEY_UILaunchScreen_Generation[sdk=iphoneos*]" = YES;
				"INFOPLIST_KEY_UILaunchScreen_Generation[sdk=iphonesimulator*]" = YES;
				"INFOPLIST_KEY_UIStatusBarStyle[sdk=iphoneos*]" = UIStatusBarStyleDefault;
				"INFOPLIST_KEY_UIStatusBarStyle[sdk=iphonesimulator*]" = UIStatusBarStyleDefault;
				INFOPLIST_KEY_UISupportedInterfaceOrientations_iPad = "UIInterfaceOrientationPortrait UIInterfaceOrientationPortraitUpsideDown UIInterfaceOrientationLandscapeLeft UIInterfaceOrientationLandscapeRight";
				INFOPLIST_KEY_UISupportedInterfaceOrientations_iPhone = "UIInterfaceOrientationPortrait UIInterfaceOrientationLandscapeLeft UIInterfaceOrientationLandscapeRight";
				IPHONEOS_DEPLOYMENT_TARGET = 27.0;
				LD_RUNPATH_SEARCH_PATHS = "@executable_path/Frameworks";
				"LD_RUNPATH_SEARCH_PATHS[sdk=macosx*]" = "@executable_path/../Frameworks";
				MACOSX_DEPLOYMENT_TARGET = 14.0;
				MARKETING_VERSION = 1.0;
				OTHER_LDFLAGS = (
					"-framework",
					AudioToolbox,
					"-framework",
					AVFoundation,
				);
				PRODUCT_BUNDLE_IDENTIFIER = com.bassdaddydevices.Yoi;
				PRODUCT_NAME = "$(TARGET_NAME)";
				REGISTER_APP_GROUPS = YES;
				SDKROOT = auto;
				STRING_CATALOG_GENERATE_SYMBOLS = YES;
				SUPPORTED_PLATFORMS = "iphoneos iphonesimulator macosx xros xrsimulator";
				SWIFT_APPROACHABLE_CONCURRENCY = YES;
				SWIFT_DEFAULT_ACTOR_ISOLATION = MainActor;
				SWIFT_EMIT_LOC_STRINGS = YES;
				SWIFT_UPCOMING_FEATURE_MEMBER_IMPORT_VISIBILITY = YES;
				SWIFT_VERSION = 5.0;
				TARGETED_DEVICE_FAMILY = "1,2,7";
				XROS_DEPLOYMENT_TARGET = 27.0;
			};
			name = Debug;
		};
		72169FC43068693000E8AE81 /* Release configuration for PBXNativeTarget "Yoi" */ = {
			isa = XCBuildConfiguration;
			buildSettings = {
				ASSETCATALOG_COMPILER_APPICON_NAME = AppIcon;
				ASSETCATALOG_COMPILER_GLOBAL_ACCENT_COLOR_NAME = AccentColor;
				CODE_SIGN_ENTITLEMENTS = Yoi/Yoi.entitlements;
				CODE_SIGN_STYLE = Automatic;
				CURRENT_PROJECT_VERSION = 1;
				DEVELOPMENT_TEAM = Z427P979RG;
				ENABLE_APP_SANDBOX = YES;
				ENABLE_HARDENED_RUNTIME = YES;
				ENABLE_OUTGOING_NETWORK_CONNECTIONS = YES;
				ENABLE_PREVIEWS = YES;
				ENABLE_USER_SELECTED_FILES = readonly;
				GENERATE_INFOPLIST_FILE = YES;
				INFOPLIST_KEY_CFBundleDisplayName = Yoi;
				"INFOPLIST_KEY_UIApplicationSceneManifest_Generation[sdk=iphoneos*]" = YES;
				"INFOPLIST_KEY_UIApplicationSceneManifest_Generation[sdk=iphonesimulator*]" = YES;
				"INFOPLIST_KEY_UIApplicationSupportsIndirectInputEvents[sdk=iphoneos*]" = YES;
				"INFOPLIST_KEY_UIApplicationSupportsIndirectInputEvents[sdk=iphonesimulator*]" = YES;
				"INFOPLIST_KEY_UILaunchScreen_Generation[sdk=iphoneos*]" = YES;
				"INFOPLIST_KEY_UILaunchScreen_Generation[sdk=iphonesimulator*]" = YES;
				"INFOPLIST_KEY_UIStatusBarStyle[sdk=iphoneos*]" = UIStatusBarStyleDefault;
				"INFOPLIST_KEY_UIStatusBarStyle[sdk=iphonesimulator*]" = UIStatusBarStyleDefault;
				INFOPLIST_KEY_UISupportedInterfaceOrientations_iPad = "UIInterfaceOrientationPortrait UIInterfaceOrientationPortraitUpsideDown UIInterfaceOrientationLandscapeLeft UIInterfaceOrientationLandscapeRight";
				INFOPLIST_KEY_UISupportedInterfaceOrientations_iPhone = "UIInterfaceOrientationPortrait UIInterfaceOrientationLandscapeLeft UIInterfaceOrientationLandscapeRight";
				IPHONEOS_DEPLOYMENT_TARGET = 27.0;
				LD_RUNPATH_SEARCH_PATHS = "@executable_path/Frameworks";
				"LD_RUNPATH_SEARCH_PATHS[sdk=macosx*]" = "@executable_path/../Frameworks";
				MACOSX_DEPLOYMENT_TARGET = 14.0;
				MARKETING_VERSION = 1.0;
				OTHER_LDFLAGS = (
					"-framework",
					AudioToolbox,
					"-framework",
					AVFoundation,
				);
				PRODUCT_BUNDLE_IDENTIFIER = com.bassdaddydevices.Yoi;
				PRODUCT_NAME = "$(TARGET_NAME)";
				REGISTER_APP_GROUPS = YES;
				SDKROOT = auto;
				STRING_CATALOG_GENERATE_SYMBOLS = YES;
				SUPPORTED_PLATFORMS = "iphoneos iphonesimulator macosx xros xrsimulator";
				SWIFT_APPROACHABLE_CONCURRENCY = YES;
				SWIFT_DEFAULT_ACTOR_ISOLATION = MainActor;
				SWIFT_EMIT_LOC_STRINGS = YES;
				SWIFT_UPCOMING_FEATURE_MEMBER_IMPORT_VISIBILITY = YES;
				SWIFT_VERSION = 5.0;
				TARGETED_DEVICE_FAMILY = "1,2,7";
				XROS_DEPLOYMENT_TARGET = 27.0;
			};
			name = Release;
		};
		72169FC63068693000E8AE81 /* Debug configuration for PBXNativeTarget "YoiTests" */ = {
			isa = XCBuildConfiguration;
			buildSettings = {
				BUNDLE_LOADER = "$(TEST_HOST)";
				CODE_SIGN_STYLE = Automatic;
				CURRENT_PROJECT_VERSION = 1;
				DEVELOPMENT_TEAM = Z427P979RG;
				GENERATE_INFOPLIST_FILE = YES;
				IPHONEOS_DEPLOYMENT_TARGET = 27.0;
				MACOSX_DEPLOYMENT_TARGET = 14.0;
				MARKETING_VERSION = 1.0;
				PRODUCT_BUNDLE_IDENTIFIER = com.bassdaddydevices.YoiTests;
				PRODUCT_NAME = "$(TARGET_NAME)";
				SDKROOT = auto;
				STRING_CATALOG_GENERATE_SYMBOLS = NO;
				SUPPORTED_PLATFORMS = "iphoneos iphonesimulator macosx xros xrsimulator";
				SWIFT_APPROACHABLE_CONCURRENCY = YES;
				SWIFT_EMIT_LOC_STRINGS = NO;
				SWIFT_UPCOMING_FEATURE_MEMBER_IMPORT_VISIBILITY = YES;
				SWIFT_VERSION = 5.0;
				TARGETED_DEVICE_FAMILY = "1,2,7";
				TEST_HOST = "$(BUILT_PRODUCTS_DIR)/Yoi.app/$(BUNDLE_EXECUTABLE_FOLDER_PATH)/Yoi";
				XROS_DEPLOYMENT_TARGET = 27.0;
			};
			name = Debug;
		};
		72169FC73068693000E8AE81 /* Release configuration for PBXNativeTarget "YoiTests" */ = {
			isa = XCBuildConfiguration;
			buildSettings = {
				BUNDLE_LOADER = "$(TEST_HOST)";
				CODE_SIGN_STYLE = Automatic;
				CURRENT_PROJECT_VERSION = 1;
				DEVELOPMENT_TEAM = Z427P979RG;
				GENERATE_INFOPLIST_FILE = YES;
				IPHONEOS_DEPLOYMENT_TARGET = 27.0;
				MACOSX_DEPLOYMENT_TARGET = 14.0;
				MARKETING_VERSION = 1.0;
				PRODUCT_BUNDLE_IDENTIFIER = com.bassdaddydevices.YoiTests;
				PRODUCT_NAME = "$(TARGET_NAME)";
				SDKROOT = auto;
				STRING_CATALOG_GENERATE_SYMBOLS = NO;
				SUPPORTED_PLATFORMS = "iphoneos iphonesimulator macosx xros xrsimulator";
				SWIFT_APPROACHABLE_CONCURRENCY = YES;
				SWIFT_EMIT_LOC_STRINGS = NO;
				SWIFT_UPCOMING_FEATURE_MEMBER_IMPORT_VISIBILITY = YES;
				SWIFT_VERSION = 5.0;
				TARGETED_DEVICE_FAMILY = "1,2,7";
				TEST_HOST = "$(BUILT_PRODUCTS_DIR)/Yoi.app/$(BUNDLE_EXECUTABLE_FOLDER_PATH)/Yoi";
				XROS_DEPLOYMENT_TARGET = 27.0;
			};
			name = Release;
		};
		72169FC93068693000E8AE81 /* Debug configuration for PBXNativeTarget "YoiUITests" */ = {
			isa = XCBuildConfiguration;
			buildSettings = {
				CODE_SIGN_STYLE = Automatic;
				CURRENT_PROJECT_VERSION = 1;
				DEVELOPMENT_TEAM = Z427P979RG;
				GENERATE_INFOPLIST_FILE = YES;
				IPHONEOS_DEPLOYMENT_TARGET = 27.0;
				MACOSX_DEPLOYMENT_TARGET = 14.0;
				MARKETING_VERSION = 1.0;
				PRODUCT_BUNDLE_IDENTIFIER = com.bassdaddydevices.YoiUITests;
				PRODUCT_NAME = "$(TARGET_NAME)";
				SDKROOT = auto;
				STRING_CATALOG_GENERATE_SYMBOLS = NO;
				SUPPORTED_PLATFORMS = "iphoneos iphonesimulator macosx xros xrsimulator";
				SWIFT_APPROACHABLE_CONCURRENCY = YES;
				SWIFT_EMIT_LOC_STRINGS = NO;
				SWIFT_UPCOMING_FEATURE_MEMBER_IMPORT_VISIBILITY = YES;
				SWIFT_VERSION = 5.0;
				TARGETED_DEVICE_FAMILY = "1,2,7";
				TEST_TARGET_NAME = Yoi;
				XROS_DEPLOYMENT_TARGET = 27.0;
			};
			name = Debug;
		};
		72169FCA3068693000E8AE81 /* Release configuration for PBXNativeTarget "YoiUITests" */ = {
			isa = XCBuildConfiguration;
			buildSettings = {
				CODE_SIGN_STYLE = Automatic;
				CURRENT_PROJECT_VERSION = 1;
				DEVELOPMENT_TEAM = Z427P979RG;
				GENERATE_INFOPLIST_FILE = YES;
				IPHONEOS_DEPLOYMENT_TARGET = 27.0;
				MACOSX_DEPLOYMENT_TARGET = 14.0;
				MARKETING_VERSION = 1.0;
				PRODUCT_BUNDLE_IDENTIFIER = com.bassdaddydevices.YoiUITests;
				PRODUCT_NAME = "$(TARGET_NAME)";
				SDKROOT = auto;
				STRING_CATALOG_GENERATE_SYMBOLS = NO;
				SUPPORTED_PLATFORMS = "iphoneos iphonesimulator macosx xros xrsimulator";
				SWIFT_APPROACHABLE_CONCURRENCY = YES;
				SWIFT_EMIT_LOC_STRINGS = NO;
				SWIFT_UPCOMING_FEATURE_MEMBER_IMPORT_VISIBILITY = YES;
				SWIFT_VERSION = 5.0;
				TARGETED_DEVICE_FAMILY = "1,2,7";
				TEST_TARGET_NAME = Yoi;
				XROS_DEPLOYMENT_TARGET = 27.0;
			};
			name = Release;
		};
/* End XCBuildConfiguration section */

/* Begin XCConfigurationList section */
		72169F513068692E00E8AE81 /* Build configuration list for PBXProject "Yoi" */ = {
			isa = XCConfigurationList;
			buildConfigurations = (
				72169FBF3068693000E8AE81 /* Debug configuration for PBXProject "Yoi" */,
				72169FC03068693000E8AE81 /* Release configuration for PBXProject "Yoi" */,
			);
			defaultConfigurationName = Release;
		};
		72169FBB3068693000E8AE81 /* Build configuration list for PBXNativeTarget "YoiExtension" */ = {
			isa = XCConfigurationList;
			buildConfigurations = (
				72169FBC3068693000E8AE81 /* Debug configuration for PBXNativeTarget "YoiExtension" */,
				72169FBD3068693000E8AE81 /* Release configuration for PBXNativeTarget "YoiExtension" */,
			);
			defaultConfigurationName = Release;
		};
		72169FC23068693000E8AE81 /* Build configuration list for PBXNativeTarget "Yoi" */ = {
			isa = XCConfigurationList;
			buildConfigurations = (
				72169FC33068693000E8AE81 /* Debug configuration for PBXNativeTarget "Yoi" */,
				72169FC43068693000E8AE81 /* Release configuration for PBXNativeTarget "Yoi" */,
			);
			defaultConfigurationName = Release;
		};
		72169FC53068693000E8AE81 /* Build configuration list for PBXNativeTarget "YoiTests" */ = {
			isa = XCConfigurationList;
			buildConfigurations = (
				72169FC63068693000E8AE81 /* Debug configuration for PBXNativeTarget "YoiTests" */,
				72169FC73068693000E8AE81 /* Release configuration for PBXNativeTarget "YoiTests" */,
			);
			defaultConfigurationName = Release;
		};
		72169FC83068693000E8AE81 /* Build configuration list for PBXNativeTarget "YoiUITests" */ = {
			isa = XCConfigurationList;
			buildConfigurations = (
				72169FC93068693000E8AE81 /* Debug configuration for PBXNativeTarget "YoiUITests" */,
				72169FCA3068693000E8AE81 /* Release configuration for PBXNativeTarget "YoiUITests" */,
			);
			defaultConfigurationName = Release;
		};
/* End XCConfigurationList section */
	};
	rootObject = 72169F4E3068692E00E8AE81 /* Project object */;
	validationLevel = 1;
}
